
Microsoft Visual Studio Solution File, Format Version 12.00
# Visual Studio Version 17
VisualStudioVersion = 17.13.35818.85
MinimumVisualStudioVersion = 10.0.40219.1
Project("{FAE04EC0-301F-11D3-BF4B-00C04F79EFBC}") = "Inventory_Management_With_Graphic_Interface_V1.3", "Inventory_Management_With_Graphic_Interface_V1.3\Inventory_Management_With_Graphic_Interface_V1.3.csproj", "{D9DA8F68-3717-4242-883F-B2105422C1CA}"
EndProject
Global
	GlobalSection(SolutionConfigurationPlatforms) = preSolution
		Debug|x64 = Debug|x64
	EndGlobalSection
	GlobalSection(ProjectConfigurationPlatforms) = postSolution
		{D9DA8F68-3717-4242-883F-B2105422C1CA}.Debug|x64.ActiveCfg = Debug|x64
		{D9DA8F68-3717-4242-883F-B2105422C1CA}.Debug|x64.Build.0 = Debug|x64
	EndGlobalSection
	GlobalSection(SolutionProperties) = preSolution
		HideSolutionNode = FALSE
	EndGlobalSection
	GlobalSection(ExtensibilityGlobals) = postSolution
		SolutionGuid = {C1FA1F74-ABFE-4112-B8E1-82EB85C66F5C}
	EndGlobalSection
EndGlobal
